
Microsoft Visual Studio Solution File, Format Version 12.00
# Visual Studio 15
VisualStudioVersion = 15.0.25807.0
MinimumVisualStudioVersion = 10.0.40219.1
Project("{2150E333-8FDC-42A3-9474-1A3956D46DE8}") = "Engine", "Engine", "{8CA4190E-703F-4173-B22B-2BADDEE36D4C}"
EndProject
Project("{2150E333-8FDC-42A3-9474-1A3956D46DE8}") = "Games", "Games", "{26AA5FC9-7471-4C09-9751-BAACBAE1A06E}"
EndProject
Project("{8BC9CEB8-8B4A-11D0-8D11-00A0C91BC942}") = "UE4", "Intermediate\ProjectFiles\UE4.vcxproj", "{6AEF194E-C29C-4277-8666-F37DC776A970}"
EndProject
Project("{8BC9CEB8-8B4A-11D0-8D11-00A0C91BC942}") = "BuildingEscape", "Intermediate\ProjectFiles\BuildingEscape.vcxproj", "{20268EC8-3FD6-4D52-924C-0EBD76BDDC51}"
EndProject
Global
	GlobalSection(SolutionConfigurationPlatforms) = preSolution
		DebugGame Editor|HTML5 = DebugGame Editor|HTML5
		DebugGame Editor|Win32 = DebugGame Editor|Win32
		DebugGame Editor|Win64 = DebugGame Editor|Win64
		DebugGame|HTML5 = DebugGame|HTML5
		DebugGame|Win32 = DebugGame|Win32
		DebugGame|Win64 = DebugGame|Win64
		Development Editor|HTML5 = Development Editor|HTML5
		Development Editor|Win32 = Development Editor|Win32
		Development Editor|Win64 = Development Editor|Win64
		Development|HTML5 = Development|HTML5
		Development|Win32 = Development|Win32
		Development|Win64 = Development|Win64
		Shipping|HTML5 = Shipping|HTML5
		Shipping|Win32 = Shipping|Win32
		Shipping|Win64 = Shipping|Win64
	EndGlobalSection
	GlobalSection(ProjectConfigurationPlatforms) = postSolution
		{6AEF194E-C29C-4277-8666-F37DC776A970}.DebugGame Editor|HTML5.ActiveCfg = BuiltWithUnrealBuildTool|Win32
		{6AEF194E-C29C-4277-8666-F37DC776A970}.DebugGame Editor|HTML5.Build.0 = BuiltWithUnrealBuildTool|Win32
		{6AEF194E-C29C-4277-8666-F37DC776A970}.DebugGame Editor|Win32.ActiveCfg = BuiltWithUnrealBuildTool|Win32
		{6AEF194E-C29C-4277-8666-F37DC776A970}.DebugGame Editor|Win32.Build.0 = BuiltWithUnrealBuildTool|Win32
		{6AEF194E-C29C-4277-8666-F37DC776A970}.DebugGame Editor|Win64.ActiveCfg = BuiltWithUnrealBuildTool|Win32
		{6AEF194E-C29C-4277-8666-F37DC776A970}.DebugGame Editor|Win64.Build.0 = BuiltWithUnrealBuildTool|Win32
		{6AEF194E-C29C-4277-8666-F37DC776A970}.DebugGame|HTML5.ActiveCfg = BuiltWithUnrealBuildTool|Win32
		{6AEF194E-C29C-4277-8666-F37DC776A970}.DebugGame|HTML5.Build.0 = BuiltWithUnrealBuildTool|Win32
		{6AEF194E-C29C-4277-8666-F37DC776A970}.DebugGame|Win32.ActiveCfg = BuiltWithUnrealBuildTool|Win32
		{6AEF194E-C29C-4277-8666-F37DC776A970}.DebugGame|Win32.Build.0 = BuiltWithUnrealBuildTool|Win32
		{6AEF194E-C29C-4277-8666-F37DC776A970}.DebugGame|Win64.ActiveCfg = BuiltWithUnrealBuildTool|Win32
		{6AEF194E-C29C-4277-8666-F37DC776A970}.DebugGame|Win64.Build.0 = BuiltWithUnrealBuildTool|Win32
		{6AEF194E-C29C-4277-8666-F37DC776A970}.Development Editor|HTML5.ActiveCfg = BuiltWithUnrealBuildTool|Win32
		{6AEF194E-C29C-4277-8666-F37DC776A970}.Development Editor|HTML5.Build.0 = BuiltWithUnrealBuildTool|Win32
		{6AEF194E-C29C-4277-8666-F37DC776A970}.Development Editor|Win32.ActiveCfg = BuiltWithUnrealBuildTool|Win32
		{6AEF194E-C29C-4277-8666-F37DC776A970}.Development Editor|Win32.Build.0 = BuiltWithUnrealBuildTool|Win32
		{6AEF194E-C29C-4277-8666-F37DC776A970}.Development Editor|Win64.ActiveCfg = BuiltWithUnrealBuildTool|Win32
		{6AEF194E-C29C-4277-8666-F37DC776A970}.Development Editor|Win64.Build.0 = BuiltWithUnrealBuildTool|Win32
		{6AEF194E-C29C-4277-8666-F37DC776A970}.Development|HTML5.ActiveCfg = BuiltWithUnrealBuildTool|Win32
		{6AEF194E-C29C-4277-8666-F37DC776A970}.Development|HTML5.Build.0 = BuiltWithUnrealBuildTool|Win32
		{6AEF194E-C29C-4277-8666-F37DC776A970}.Development|Win32.ActiveCfg = BuiltWithUnrealBuildTool|Win32
		{6AEF194E-C29C-4277-8666-F37DC776A970}.Development|Win32.Build.0 = BuiltWithUnrealBuildTool|Win32
		{6AEF194E-C29C-4277-8666-F37DC776A970}.Development|Win64.ActiveCfg = BuiltWithUnrealBuildTool|Win32
		{6AEF194E-C29C-4277-8666-F37DC776A970}.Development|Win64.Build.0 = BuiltWithUnrealBuildTool|Win32
		{6AEF194E-C29C-4277-8666-F37DC776A970}.Shipping|HTML5.ActiveCfg = BuiltWithUnrealBuildTool|Win32
		{6AEF194E-C29C-4277-8666-F37DC776A970}.Shipping|HTML5.Build.0 = BuiltWithUnrealBuildTool|Win32
		{6AEF194E-C29C-4277-8666-F37DC776A970}.Shipping|Win32.ActiveCfg = BuiltWithUnrealBuildTool|Win32
		{6AEF194E-C29C-4277-8666-F37DC776A970}.Shipping|Win32.Build.0 = BuiltWithUnrealBuildTool|Win32
		{6AEF194E-C29C-4277-8666-F37DC776A970}.Shipping|Win64.ActiveCfg = BuiltWithUnrealBuildTool|Win32
		{6AEF194E-C29C-4277-8666-F37DC776A970}.Shipping|Win64.Build.0 = BuiltWithUnrealBuildTool|Win32
		{20268EC8-3FD6-4D52-924C-0EBD76BDDC51}.DebugGame Editor|HTML5.ActiveCfg = HTML5_DebugGame_Editor|Win32
		{20268EC8-3FD6-4D52-924C-0EBD76BDDC51}.DebugGame Editor|Win32.ActiveCfg = DebugGame_Editor|Win32
		{20268EC8-3FD6-4D52-924C-0EBD76BDDC51}.DebugGame Editor|Win64.ActiveCfg = DebugGame_Editor|x64
		{20268EC8-3FD6-4D52-924C-0EBD76BDDC51}.DebugGame Editor|Win64.Build.0 = DebugGame_Editor|x64
		{20268EC8-3FD6-4D52-924C-0EBD76BDDC51}.DebugGame|HTML5.ActiveCfg = HTML5_DebugGame_Game|Win32
		{20268EC8-3FD6-4D52-924C-0EBD76BDDC51}.DebugGame|HTML5.Build.0 = HTML5_DebugGame_Game|Win32
		{20268EC8-3FD6-4D52-924C-0EBD76BDDC51}.DebugGame|Win32.ActiveCfg = DebugGame_Game|Win32
		{20268EC8-3FD6-4D52-924C-0EBD76BDDC51}.DebugGame|Win32.Build.0 = DebugGame_Game|Win32
		{20268EC8-3FD6-4D52-924C-0EBD76BDDC51}.DebugGame|Win64.ActiveCfg = DebugGame_Game|x64
		{20268EC8-3FD6-4D52-924C-0EBD76BDDC51}.DebugGame|Win64.Build.0 = DebugGame_Game|x64
		{20268EC8-3FD6-4D52-924C-0EBD76BDDC51}.Development Editor|HTML5.ActiveCfg = HTML5_Development_Editor|Win32
		{20268EC8-3FD6-4D52-924C-0EBD76BDDC51}.Development Editor|Win32.ActiveCfg = Development_Editor|Win32
		{20268EC8-3FD6-4D52-924C-0EBD76BDDC51}.Development Editor|Win64.ActiveCfg = Development_Editor|x64
		{20268EC8-3FD6-4D52-924C-0EBD76BDDC51}.Development Editor|Win64.Build.0 = Development_Editor|x64
		{20268EC8-3FD6-4D52-924C-0EBD76BDDC51}.Development|HTML5.ActiveCfg = HTML5_Development_Game|Win32
		{20268EC8-3FD6-4D52-924C-0EBD76BDDC51}.Development|HTML5.Build.0 = HTML5_Development_Game|Win32
		{20268EC8-3FD6-4D52-924C-0EBD76BDDC51}.Development|Win32.ActiveCfg = Development_Game|Win32
		{20268EC8-3FD6-4D52-924C-0EBD76BDDC51}.Development|Win32.Build.0 = Development_Game|Win32
		{20268EC8-3FD6-4D52-924C-0EBD76BDDC51}.Development|Win64.ActiveCfg = Development_Game|x64
		{20268EC8-3FD6-4D52-924C-0EBD76BDDC51}.Development|Win64.Build.0 = Development_Game|x64
		{20268EC8-3FD6-4D52-924C-0EBD76BDDC51}.Shipping|HTML5.ActiveCfg = HTML5_Shipping_Game|Win32
		{20268EC8-3FD6-4D52-924C-0EBD76BDDC51}.Shipping|HTML5.Build.0 = HTML5_Shipping_Game|Win32
		{20268EC8-3FD6-4D52-924C-0EBD76BDDC51}.Shipping|Win32.ActiveCfg = Shipping_Game|Win32
		{20268EC8-3FD6-4D52-924C-0EBD76BDDC51}.Shipping|Win32.Build.0 = Shipping_Game|Win32
		{20268EC8-3FD6-4D52-924C-0EBD76BDDC51}.Shipping|Win64.ActiveCfg = Shipping_Game|x64
		{20268EC8-3FD6-4D52-924C-0EBD76BDDC51}.Shipping|Win64.Build.0 = Shipping_Game|x64
	EndGlobalSection
	GlobalSection(SolutionProperties) = preSolution
		HideSolutionNode = FALSE
	EndGlobalSection
	GlobalSection(NestedProjects) = preSolution
		{6AEF194E-C29C-4277-8666-F37DC776A970} = {8CA4190E-703F-4173-B22B-2BADDEE36D4C}
		{20268EC8-3FD6-4D52-924C-0EBD76BDDC51} = {26AA5FC9-7471-4C09-9751-BAACBAE1A06E}
	EndGlobalSection
	GlobalSection(ExtensibilityGlobals) = postSolution
		SolutionGuid = {971F4555-7417-4A6B-AC5D-7476EFFE4FEE}
	EndGlobalSection
EndGlobal
